// !$*UTF8*$!
{
	archiveVersion = 1;
	classes = {
	};
	objectVersion = 50;
	objects = {

/* Begin PBXBuildFile section */
		970655B5234B6FDE00EE49C0 /* TableViewCell.swift in Sources */ = {isa = PBXBuildFile; fileRef = 970655B4234B6FDE00EE49C0 /* TableViewCell.swift */; };
		971D0E082349E3AD00DFD839 /* AppDelegate.swift in Sources */ = {isa = PBXBuildFile; fileRef = 971D0E072349E3AD00DFD839 /* AppDelegate.swift */; };
		971D0E0A2349E3AD00DFD839 /* SceneDelegate.swift in Sources */ = {isa = PBXBuildFile; fileRef = 971D0E092349E3AD00DFD839 /* SceneDelegate.swift */; };
		971D0E0C2349E3AD00DFD839 /* ViewController.swift in Sources */ = {isa = PBXBuildFile; fileRef = 971D0E0B2349E3AD00DFD839 /* ViewController.swift */; };
		971D0E0F2349E3AD00DFD839 /* Main.storyboard in Resources */ = {isa = PBXBuildFile; fileRef = 971D0E0D2349E3AD00DFD839 /* Main.storyboard */; };
		971D0E112349E3AE00DFD839 /* Assets.xcassets in Resources */ = {isa = PBXBuildFile; fileRef = 971D0E102349E3AE00DFD839 /* Assets.xcassets */; };
		971D0E142349E3AE00DFD839 /* LaunchScreen.storyboard in Resources */ = {isa = PBXBuildFile; fileRef = 971D0E122349E3AE00DFD839 /* LaunchScreen.storyboard */; };
		971D0E1E2349E45A00DFD839 /* TableViewController.swift in Sources */ = {isa = PBXBuildFile; fileRef = 971D0E1D2349E45A00DFD839 /* TableViewController.swift */; };
		971D0E212349E6C700DFD839 /* model.swift in Sources */ = {isa = PBXBuildFile; fileRef = 971D0E202349E6C700DFD839 /* model.swift */; };
/* End PBXBuildFile section */

/* Begin PBXFileReference section */
		970655B4234B6FDE00EE49C0 /* TableViewCell.swift */ = {isa = PBXFileReference; lastKnownFileType = sourcecode.swift; path = TableViewCell.swift; sourceTree = "<group>"; };
		971D0E042349E3AD00DFD839 /* 6HomeWork.app */ = {isa = PBXFileReference; explicitFileType = wrapper.application; includeInIndex = 0; path = 6HomeWork.app; sourceTree = BUILT_PRODUCTS_DIR; };
		971D0E072349E3AD00DFD839 /* AppDelegate.swift */ = {isa = PBXFileReference; lastKnownFileType = sourcecode.swift; path = AppDelegate.swift; sourceTree = "<group>"; };
		971D0E092349E3AD00DFD839 /* SceneDelegate.swift */ = {isa = PBXFileReference; lastKnownFileType = sourcecode.swift; path = SceneDelegate.swift; sourceTree = "<group>"; };
		971D0E0B2349E3AD00DFD839 /* ViewController.swift */ = {isa = PBXFileReference; lastKnownFileType = sourcecode.swift; path = ViewController.swift; sourceTree = "<group>"; };
		971D0E0E2349E3AD00DFD839 /* Base */ = {isa = PBXFileReference; lastKnownFileType = file.storyboard; name = Base; path = Base.lproj/Main.storyboard; sourceTree = "<group>"; };
		971D0E102349E3AE00DFD839 /* Assets.xcassets */ = {isa = PBXFileReference; lastKnownFileType = folder.assetcatalog; path = Assets.xcassets; sourceTree = "<group>"; };
		971D0E132349E3AE00DFD839 /* Base */ = {isa = PBXFileReference; lastKnownFileType = file.storyboard; name = Base; path = Base.lproj/LaunchScreen.storyboard; sourceTree = "<group>"; };
		971D0E152349E3AE00DFD839 /* Info.plist */ = {isa = PBXFileReference; lastKnownFileType = text.plist.xml; path = Info.plist; sourceTree = "<group>"; };
		971D0E1D2349E45A00DFD839 /* TableViewController.swift */ = {isa = PBXFileReference; lastKnownFileType = sourcecode.swift; path = TableViewController.swift; sourceTree = "<group>"; };
		971D0E202349E6C700DFD839 /* model.swift */ = {isa = PBXFileReference; lastKnownFileType = sourcecode.swift; path = model.swift; sourceTree = "<group>"; };
/* End PBXFileReference section */

/* Begin PBXFrameworksBuildPhase section */
		971D0E012349E3AD00DFD839 /* Frameworks */ = {
			isa = PBXFrameworksBuildPhase;
			buildActionMask = 2147483647;
			files = (
			);
			runOnlyForDeploymentPostprocessing = 0;
		};
/* End PBXFrameworksBuildPhase section */

/* Begin PBXGroup section */
		971D0DFB2349E3AD00DFD839 = {
			isa = PBXGroup;
			children = (
				971D0E062349E3AD00DFD839 /* 6HomeWork */,
				971D0E052349E3AD00DFD839 /* Products */,
			);
			sourceTree = "<group>";
		};
		971D0E052349E3AD00DFD839 /* Products */ = {
			isa = PBXGroup;
			children = (
				971D0E042349E3AD00DFD839 /* 6HomeWork.app */,
			);
			name = Products;
			sourceTree = "<group>";
		};
		971D0E062349E3AD00DFD839 /* 6HomeWork */ = {
			isa = PBXGroup;
			children = (
				971D0E072349E3AD00DFD839 /* AppDelegate.swift */,
				971D0E092349E3AD00DFD839 /* SceneDelegate.swift */,
				971D0E1F2349E48200DFD839 /* Models */,
				971D0E1C2349E41E00DFD839 /* Controllers */,
				971D0E1B2349E3F800DFD839 /* Storyboard */,
				971D0E102349E3AE00DFD839 /* Assets.xcassets */,
				971D0E152349E3AE00DFD839 /* Info.plist */,
			);
			path = 6HomeWork;
			sourceTree = "<group>";
		};
		971D0E1B2349E3F800DFD839 /* Storyboard */ = {
			isa = PBXGroup;
			children = (
				971D0E0D2349E3AD00DFD839 /* Main.storyboard */,
				971D0E122349E3AE00DFD839 /* LaunchScreen.storyboard */,
			);
			path = Storyboard;
			sourceTree = "<group>";
		};
		971D0E1C2349E41E00DFD839 /* Controllers */ = {
			isa = PBXGroup;
			children = (
				971D0E1D2349E45A00DFD839 /* TableViewController.swift */,
				971D0E0B2349E3AD00DFD839 /* ViewController.swift */,
				970655B4234B6FDE00EE49C0 /* TableViewCell.swift */,
			);
			path = Controllers;
			sourceTree = "<group>";
		};
		971D0E1F2349E48200DFD839 /* Models */ = {
			isa = PBXGroup;
			children = (
				971D0E202349E6C700DFD839 /* model.swift */,
			);
			path = Models;
			sourceTree = "<group>";
		};
/* End PBXGroup section */

/* Begin PBXNativeTarget section */
		971D0E032349E3AD00DFD839 /* 6HomeWork */ = {
			isa = PBXNativeTarget;
			buildConfigurationList = 971D0E182349E3AE00DFD839 /* Build configuration list for PBXNativeTarget "6HomeWork" */;
			buildPhases = (
				971D0E002349E3AD00DFD839 /* Sources */,
				971D0E012349E3AD00DFD839 /* Frameworks */,
				971D0E022349E3AD00DFD839 /* Resources */,
			);
			buildRules = (
			);
			dependencies = (
			);
			name = 6HomeWork;
			productName = 6HomeWork;
			productReference = 971D0E042349E3AD00DFD839 /* 6HomeWork.app */;
			productType = "com.apple.product-type.application";
		};
/* End PBXNativeTarget section */

/* Begin PBXProject section */
		971D0DFC2349E3AD00DFD839 /* Project object */ = {
			isa = PBXProject;
			attributes = {
				LastSwiftUpdateCheck = 1100;
				LastUpgradeCheck = 1100;
				ORGANIZATIONNAME = true13;
				TargetAttributes = {
					971D0E032349E3AD00DFD839 = {
						CreatedOnToolsVersion = 11.0;
					};
				};
			};
			buildConfigurationList = 971D0DFF2349E3AD00DFD839 /* Build configuration list for PBXProject "6HomeWork" */;
			compatibilityVersion = "Xcode 9.3";
			developmentRegion = en;
			hasScannedForEncodings = 0;
			knownRegions = (
				en,
				Base,
			);
			mainGroup = 971D0DFB2349E3AD00DFD839;
			productRefGroup = 971D0E052349E3AD00DFD839 /* Products */;
			projectDirPath = "";
			projectRoot = "";
			targets = (
				971D0E032349E3AD00DFD839 /* 6HomeWork */,
			);
		};
/* End PBXProject section */

/* Begin PBXResourcesBuildPhase section */
		971D0E022349E3AD00DFD839 /* Resources */ = {
			isa = PBXResourcesBuildPhase;
			buildActionMask = 2147483647;
			files = (
				971D0E142349E3AE00DFD839 /* LaunchScreen.storyboard in Resources */,
				971D0E112349E3AE00DFD839 /* Assets.xcassets in Resources */,
				971D0E0F2349E3AD00DFD839 /* Main.storyboard in Resources */,
			);
			runOnlyForDeploymentPostprocessing = 0;
		};
/* End PBXResourcesBuildPhase section */

/* Begin PBXSourcesBuildPhase section */
		971D0E002349E3AD00DFD839 /* Sources */ = {
			isa = PBXSourcesBuildPhase;
			buildActionMask = 2147483647;
			files = (
				971D0E212349E6C700DFD839 /* model.swift in Sources */,
				971D0E0C2349E3AD00DFD839 /* ViewController.swift in Sources */,
				971D0E082349E3AD00DFD839 /* AppDelegate.swift in Sources */,
				970655B5234B6FDE00EE49C0 /* TableViewCell.swift in Sources */,
				971D0E0A2349E3AD00DFD839 /* SceneDelegate.swift in Sources */,
				971D0E1E2349E45A00DFD839 /* TableViewController.swift in Sources */,
			);
			runOnlyForDeploymentPostprocessing = 0;
		};
/* End PBXSourcesBuildPhase section */

/* Begin PBXVariantGroup section */
		971D0E0D2349E3AD00DFD839 /* Main.storyboard */ = {
			isa = PBXVariantGroup;
			children = (
				971D0E0E2349E3AD00DFD839 /* Base */,
			);
			name = Main.storyboard;
			sourceTree = "<group>";
		};
		971D0E122349E3AE00DFD839 /* LaunchScreen.storyboard */ = {
			isa = PBXVariantGroup;
			children = (
				971D0E132349E3AE00DFD839 /* Base */,
			);
			name = LaunchScreen.storyboard;
			sourceTree = "<group>";
		};
/* End PBXVariantGroup section */

/* Begin XCBuildConfiguration section */
		971D0E162349E3AE00DFD839 /* Debug */ = {
			isa = XCBuildConfiguration;
			buildSettings = {
				ALWAYS_SEARCH_USER_PATHS = NO;
				CLANG_ANALYZER_NONNULL = YES;
				CLANG_ANALYZER_NUMBER_OBJECT_CONVERSION = YES_AGGRESSIVE;
				CLANG_CXX_LANGUAGE_STANDARD = "gnu++14";
				CLANG_CXX_LIBRARY = "libc++";
				CLANG_ENABLE_MODULES = YES;
				CLANG_ENABLE_OBJC_ARC = YES;
				CLANG_ENABLE_OBJC_WEAK = YES;
				CLANG_WARN_BLOCK_CAPTURE_AUTORELEASING = YES;
				CLANG_WARN_BOOL_CONVERSION = YES;
				CLANG_WARN_COMMA = YES;
				CLANG_WARN_CONSTANT_CONVERSION = YES;
				CLANG_WARN_DEPRECATED_OBJC_IMPLEMENTATIONS = YES;
				CLANG_WARN_DIRECT_OBJC_ISA_USAGE = YES_ERROR;
				CLANG_WARN_DOCUMENTATION_COMMENTS = YES;
				CLANG_WARN_EMPTY_BODY = YES;
				CLANG_WARN_ENUM_CONVERSION = YES;
				CLANG_WARN_INFINITE_RECURSION = YES;
				CLANG_WARN_INT_CONVERSION = YES;
				CLANG_WARN_NON_LITERAL_NULL_CONVERSION = YES;
				CLANG_WARN_OBJC_IMPLICIT_RETAIN_SELF = YES;
				CLANG_WARN_OBJC_LITERAL_CONVERSION = YES;
				CLANG_WARN_OBJC_ROOT_CLASS = YES_ERROR;
				CLANG_WARN_RANGE_LOOP_ANALYSIS = YES;
				CLANG_WARN_STRICT_PROTOTYPES = YES;
				CLANG_WARN_SUSPICIOUS_MOVE = YES;
				CLANG_WARN_UNGUARDED_AVAILABILITY = YES_AGGRESSIVE;
				CLANG_WARN_UNREACHABLE_CODE = YES;
				CLANG_WARN__DUPLICATE_METHOD_MATCH = YES;
				COPY_PHASE_STRIP = NO;
				DEBUG_INFORMATION_FORMAT = dwarf;
				ENABLE_STRICT_OBJC_MSGSEND = YES;
				ENABLE_TESTABILITY = YES;
				GCC_C_LANGUAGE_STANDARD = gnu11;
				GCC_DYNAMIC_NO_PIC = NO;
				GCC_NO_COMMON_BLOCKS = YES;
				GCC_OPTIMIZATION_LEVEL = 0;
				GCC_PREPROCESSOR_DEFINITIONS = (
					"DEBUG=1",
					"$(inherited)",
				);
				GCC_WARN_64_TO_32_BIT_CONVERSION = YES;
				GCC_WARN_ABOUT_RETURN_TYPE = YES_ERROR;
				GCC_WARN_UNDECLARED_SELECTOR = YES;
				GCC_WARN_UNINITIALIZED_AUTOS = YES_AGGRESSIVE;
				GCC_WARN_UNUSED_FUNCTION = YES;
				GCC_WARN_UNUSED_VARIABLE = YES;
				IPHONEOS_DEPLOYMENT_TARGET = 13.0;
				MTL_ENABLE_DEBUG_INFO = INCLUDE_SOURCE;
				MTL_FAST_MATH = YES;
				ONLY_ACTIVE_ARCH = YES;
				SDKROOT = iphoneos;
				SWIFT_ACTIVE_COMPILATION_CONDITIONS = DEBUG;
				SWIFT_OPTIMIZATION_LEVEL = "-Onone";
			};
			name = Debug;
		};
		971D0E172349E3AE00DFD839 /* Release */ = {
			isa = XCBuildConfiguration;
			buildSettings = {
				ALWAYS_SEARCH_USER_PATHS = NO;
				CLANG_ANALYZER_NONNULL = YES;
				CLANG_ANALYZER_NUMBER_OBJECT_CONVERSION = YES_AGGRESSIVE;
				CLANG_CXX_LANGUAGE_STANDARD = "gnu++14";
				CLANG_CXX_LIBRARY = "libc++";
				CLANG_ENABLE_MODULES = YES;
				CLANG_ENABLE_OBJC_ARC = YES;
				CLANG_ENABLE_OBJC_WEAK = YES;
				CLANG_WARN_BLOCK_CAPTURE_AUTORELEASING = YES;
				CLANG_WARN_BOOL_CONVERSION = YES;
				CLANG_WARN_COMMA = YES;
				CLANG_WARN_CONSTANT_CONVERSION = YES;
				CLANG_WARN_DEPRECATED_OBJC_IMPLEMENTATIONS = YES;
				CLANG_WARN_DIRECT_OBJC_ISA_USAGE = YES_ERROR;
				CLANG_WARN_DOCUMENTATION_COMMENTS = YES;
				CLANG_WARN_EMPTY_BODY = YES;
				CLANG_WARN_ENUM_CONVERSION = YES;
				CLANG_WARN_INFINITE_RECURSION = YES;
				CLANG_WARN_INT_CONVERSION = YES;
				CLANG_WARN_NON_LITERAL_NULL_CONVERSION = YES;
				CLANG_WARN_OBJC_IMPLICIT_RETAIN_SELF = YES;
				CLANG_WARN_OBJC_LITERAL_CONVERSION = YES;
				CLANG_WARN_OBJC_ROOT_CLASS = YES_ERROR;
				CLANG_WARN_RANGE_LOOP_ANALYSIS = YES;
				CLANG_WARN_STRICT_PROTOTYPES = YES;
				CLANG_WARN_SUSPICIOUS_MOVE = YES;
				CLANG_WARN_UNGUARDED_AVAILABILITY = YES_AGGRESSIVE;
				CLANG_WARN_UNREACHABLE_CODE = YES;
				CLANG_WARN__DUPLICATE_METHOD_MATCH = YES;
				COPY_PHASE_STRIP = NO;
				DEBUG_INFORMATION_FORMAT = "dwarf-with-dsym";
				ENABLE_NS_ASSERTIONS = NO;
				ENABLE_STRICT_OBJC_MSGSEND = YES;
				GCC_C_LANGUAGE_STANDARD = gnu11;
				GCC_NO_COMMON_BLOCKS = YES;
				GCC_WARN_64_TO_32_BIT_CONVERSION = YES;
				GCC_WARN_ABOUT_RETURN_TYPE = YES_ERROR;
				GCC_WARN_UNDECLARED_SELECTOR = YES;
				GCC_WARN_UNINITIALIZED_AUTOS = YES_AGGRESSIVE;
				GCC_WARN_UNUSED_FUNCTION = YES;
				GCC_WARN_UNUSED_VARIABLE = YES;
				IPHONEOS_DEPLOYMENT_TARGET = 13.0;
				MTL_ENABLE_DEBUG_INFO = NO;
				MTL_FAST_MATH = YES;
				SDKROOT = iphoneos;
				SWIFT_COMPILATION_MODE = wholemodule;
				SWIFT_OPTIMIZATION_LEVEL = "-O";
				VALIDATE_PRODUCT = YES;
			};
			name = Release;
		};
		971D0E192349E3AE00DFD839 /* Debug */ = {
			isa = XCBuildConfiguration;
			buildSettings = {
				ASSETCATALOG_COMPILER_APPICON_NAME = AppIcon;
				CODE_SIGN_STYLE = Automatic;
				DEVELOPMENT_TEAM = 2NQHSSFV38;
				INFOPLIST_FILE = 6HomeWork/Info.plist;
				LD_RUNPATH_SEARCH_PATHS = (
					"$(inherited)",
					"@executable_path/Frameworks",
				);
				PRODUCT_BUNDLE_IDENTIFIER = "True135525.-HomeWork";
				PRODUCT_NAME = "$(TARGET_NAME)";
				SWIFT_VERSION = 5.0;
				TARGETED_DEVICE_FAMILY = "1,2";
			};
			name = Debug;
		};
		971D0E1A2349E3AE00DFD839 /* Release */ = {
			isa = XCBuildConfiguration;
			buildSettings = {
				ASSETCATALOG_COMPILER_APPICON_NAME = AppIcon;
				CODE_SIGN_STYLE = Automatic;
				DEVELOPMENT_TEAM = 2NQHSSFV38;
				INFOPLIST_FILE = 6HomeWork/Info.plist;
				LD_RUNPATH_SEARCH_PATHS = (
					"$(inherited)",
					"@executable_path/Frameworks",
				);
				PRODUCT_BUNDLE_IDENTIFIER = "True135525.-HomeWork";
				PRODUCT_NAME = "$(TARGET_NAME)";
				SWIFT_VERSION = 5.0;
				TARGETED_DEVICE_FAMILY = "1,2";
			};
			name = Release;
		};
/* End XCBuildConfiguration section */

/* Begin XCConfigurationList section */
		971D0DFF2349E3AD00DFD839 /* Build configuration list for PBXProject "6HomeWork" */ = {
			isa = XCConfigurationList;
			buildConfigurations = (
				971D0E162349E3AE00DFD839 /* Debug */,
				971D0E172349E3AE00DFD839 /* Release */,
			);
			defaultConfigurationIsVisible = 0;
			defaultConfigurationName = Release;
		};
		971D0E182349E3AE00DFD839 /* Build configuration list for PBXNativeTarget "6HomeWork" */ = {
			isa = XCConfigurationList;
			buildConfigurations = (
				971D0E192349E3AE00DFD839 /* Debug */,
				971D0E1A2349E3AE00DFD839 /* Release */,
			);
			defaultConfigurationIsVisible = 0;
			defaultConfigurationName = Release;
		};
/* End XCConfigurationList section */
	};
	rootObject = 971D0DFC2349E3AD00DFD839 /* Project object */;
}
